
Microsoft Visual Studio Solution File, Format Version 12.00
# Visual Studio Version 17
VisualStudioVersion = 17.6.33829.357
MinimumVisualStudioVersion = 10.0.40219.1
Project("{FAE04EC0-301F-11D3-BF4B-00C04F79EFBC}") = "QuizCapitales", "QuizCapitales\QuizCapitales.csproj", "{69A414B7-6262-4CE9-AED0-273C43D0C385}"
EndProject
Global
	GlobalSection(SolutionConfigurationPlatforms) = preSolution
		Debug|Any CPU = Debug|Any CPU
		Release|Any CPU = Release|Any CPU
	EndGlobalSection
	GlobalSection(ProjectConfigurationPlatforms) = postSolution
		{69A414B7-6262-4CE9-AED0-273C43D0C385}.Debug|Any CPU.ActiveCfg = Debug|Any CPU
		{69A414B7-6262-4CE9-AED0-273C43D0C385}.Debug|Any CPU.Build.0 = Debug|Any CPU
		{69A414B7-6262-4CE9-AED0-273C43D0C385}.Release|Any CPU.ActiveCfg = Release|Any CPU
		{69A414B7-6262-4CE9-AED0-273C43D0C385}.Release|Any CPU.Build.0 = Release|Any CPU
	EndGlobalSection
	GlobalSection(SolutionProperties) = preSolution
		HideSolutionNode = FALSE
	EndGlobalSection
	GlobalSection(ExtensibilityGlobals) = postSolution
		SolutionGuid = {48FD5E1F-4631-440D-B184-702A3F8FB6CF}
	EndGlobalSection
EndGlobal
